
Microsoft Visual Studio Solution File, Format Version 12.00
# Visual Studio 15
VisualStudioVersion = 15.0.26228.4
MinimumVisualStudioVersion = 10.0.40219.1
Project("{FAE04EC0-301F-11D3-BF4B-00C04F79EFBC}") = "SlickControls", "SlickControls.csproj", "{2C0E1D8A-6619-4116-98EE-3F9E6C937537}"
EndProject
Project("{FAE04EC0-301F-11D3-BF4B-00C04F79EFBC}") = "Extensions", "..\Extensions\Extensions.csproj", "{50EA98FD-47B0-40BC-A51E-3DEFB2525F2C}"
EndProject
Global
	GlobalSection(SolutionConfigurationPlatforms) = preSolution
		Debug|Any CPU = Debug|Any CPU
		Release|Any CPU = Release|Any CPU
	EndGlobalSection
	GlobalSection(ProjectConfigurationPlatforms) = postSolution
		{2C0E1D8A-6619-4116-98EE-3F9E6C937537}.Debug|Any CPU.ActiveCfg = Debug|Any CPU
		{2C0E1D8A-6619-4116-98EE-3F9E6C937537}.Debug|Any CPU.Build.0 = Debug|Any CPU
		{2C0E1D8A-6619-4116-98EE-3F9E6C937537}.Release|Any CPU.ActiveCfg = Release|Any CPU
		{2C0E1D8A-6619-4116-98EE-3F9E6C937537}.Release|Any CPU.Build.0 = Release|Any CPU
		{50EA98FD-47B0-40BC-A51E-3DEFB2525F2C}.Debug|Any CPU.ActiveCfg = Debug|Any CPU
		{50EA98FD-47B0-40BC-A51E-3DEFB2525F2C}.Debug|Any CPU.Build.0 = Debug|Any CPU
		{50EA98FD-47B0-40BC-A51E-3DEFB2525F2C}.Release|Any CPU.ActiveCfg = Release|Any CPU
		{50EA98FD-47B0-40BC-A51E-3DEFB2525F2C}.Release|Any CPU.Build.0 = Release|Any CPU
	EndGlobalSection
	GlobalSection(SolutionProperties) = preSolution
		HideSolutionNode = FALSE
	EndGlobalSection
	GlobalSection(ExtensibilityGlobals) = postSolution
		SolutionGuid = {B2208903-939D-4888-A17E-8F640F68B5BB}
	EndGlobalSection
EndGlobal
